
Microsoft Visual Studio Solution File, Format Version 12.00
# Visual Studio Version 17
VisualStudioVersion = 17.5.002.0
MinimumVisualStudioVersion = 10.0.40219.1
Project("{9A19103F-16F7-4668-BE54-9A1E7A4F7556}") = "Exo.WebApi", "Exo.WebApi.csproj", "{65718977-16D5-498B-BD53-A95EE3F1D70A}"
EndProject
Global
	GlobalSection(SolutionConfigurationPlatforms) = preSolution
		Debug|Any CPU = Debug|Any CPU
		Release|Any CPU = Release|Any CPU
	EndGlobalSection
	GlobalSection(ProjectConfigurationPlatforms) = postSolution
		{65718977-16D5-498B-BD53-A95EE3F1D70A}.Debug|Any CPU.ActiveCfg = Debug|Any CPU
		{65718977-16D5-498B-BD53-A95EE3F1D70A}.Debug|Any CPU.Build.0 = Debug|Any CPU
		{65718977-16D5-498B-BD53-A95EE3F1D70A}.Release|Any CPU.ActiveCfg = Release|Any CPU
		{65718977-16D5-498B-BD53-A95EE3F1D70A}.Release|Any CPU.Build.0 = Release|Any CPU
	EndGlobalSection
	GlobalSection(SolutionProperties) = preSolution
		HideSolutionNode = FALSE
	EndGlobalSection
	GlobalSection(ExtensibilityGlobals) = postSolution
		SolutionGuid = {65D205AC-5A16-41BF-AA3E-B96AF0E9D86F}
	EndGlobalSection
EndGlobal
